// !$*UTF8*$!
{
	archiveVersion = 1;
	classes = {
	};
	objectVersion = 56;
	objects = {

/* Begin PBXBuildFile section */
		058557BB273AAA24004C7B11 /* Assets.xcassets in Resources */ = {isa = PBXBuildFile; fileRef = 058557BA273AAA24004C7B11 /* Assets.xcassets */; };
		058557D9273AAEEB004C7B11 /* Preview Assets.xcassets in Resources */ = {isa = PBXBuildFile; fileRef = 058557D8273AAEEB004C7B11 /* Preview Assets.xcassets */; };
		2152FB042600AC8F00CF470E /* iOSApp.swift in Sources */ = {isa = PBXBuildFile; fileRef = 2152FB032600AC8F00CF470E /* iOSApp.swift */; };
		6904CA6F2E0BF0E10039C9D9 /* ExtendCard.swift in Sources */ = {isa = PBXBuildFile; fileRef = 6904CA6E2E0BF0D70039C9D9 /* ExtendCard.swift */; };
		6904CA712E0BFB180039C9D9 /* WeeklyForecastPopup.swift in Sources */ = {isa = PBXBuildFile; fileRef = 6904CA702E0BFB160039C9D9 /* WeeklyForecastPopup.swift */; };
		6904CA752E0C027C0039C9D9 /* ForecastRow.swift in Sources */ = {isa = PBXBuildFile; fileRef = 6904CA742E0C027B0039C9D9 /* ForecastRow.swift */; };
		6918273D2E1EBCC700B26BD2 /* AddSpotScreen.swift in Sources */ = {isa = PBXBuildFile; fileRef = 6918273C2E1EBCBA00B26BD2 /* AddSpotScreen.swift */; };
		6918273F2E1EBCD900B26BD2 /* AddSpotWrapper.swift in Sources */ = {isa = PBXBuildFile; fileRef = 6918273E2E1EBCCF00B26BD2 /* AddSpotWrapper.swift */; };
		691827412E1EC4FB00B26BD2 /* LocationManager.swift in Sources */ = {isa = PBXBuildFile; fileRef = 691827402E1EC4F800B26BD2 /* LocationManager.swift */; };
		691827462E1F1DDF00B26BD2 /* LocationSearchService.swift in Sources */ = {isa = PBXBuildFile; fileRef = 691827452E1F1DD900B26BD2 /* LocationSearchService.swift */; };
		692B51792E16C3DF0036FCD8 /* Wrapper.swift in Sources */ = {isa = PBXBuildFile; fileRef = 692B51782E16C3DA0036FCD8 /* Wrapper.swift */; };
		692B517B2E16D98C0036FCD8 /* LoginWrapper.swift in Sources */ = {isa = PBXBuildFile; fileRef = 692B517A2E16D97D0036FCD8 /* LoginWrapper.swift */; };
		692B517D2E16D9B40036FCD8 /* LoginScreen.swift in Sources */ = {isa = PBXBuildFile; fileRef = 692B517C2E16D9920036FCD8 /* LoginScreen.swift */; };
		694813FE2E1E870B00F9F297 /* Functions.swift in Sources */ = {isa = PBXBuildFile; fileRef = 694813FD2E1E870700F9F297 /* Functions.swift */; };
		6963055B2E211FA600018B65 /* FirebaseAnalytics in Frameworks */ = {isa = PBXBuildFile; productRef = 6963055A2E211FA600018B65 /* FirebaseAnalytics */; };
		6963055D2E211FA600018B65 /* FirebaseAuth in Frameworks */ = {isa = PBXBuildFile; productRef = 6963055C2E211FA600018B65 /* FirebaseAuth */; };
		6963055F2E211FA600018B65 /* FirebaseCore in Frameworks */ = {isa = PBXBuildFile; productRef = 6963055E2E211FA600018B65 /* FirebaseCore */; };
		696305612E211FA600018B65 /* FirebaseCrashlytics in Frameworks */ = {isa = PBXBuildFile; productRef = 696305602E211FA600018B65 /* FirebaseCrashlytics */; };
		696305632E211FA600018B65 /* FirebaseFirestore in Frameworks */ = {isa = PBXBuildFile; productRef = 696305622E211FA600018B65 /* FirebaseFirestore */; };
		6975DFA22E04B6B000D14119 /* QuiverView.swift in Sources */ = {isa = PBXBuildFile; fileRef = 6975DFA12E04B6AD00D14119 /* QuiverView.swift */; };
		697E7CAD2E0561C00030392F /* ProfileScreen.swift in Sources */ = {isa = PBXBuildFile; fileRef = 697E7CAC2E0561B60030392F /* ProfileScreen.swift */; };
		697E7CAF2E05656E0030392F /* LoadingView.swift in Sources */ = {isa = PBXBuildFile; fileRef = 697E7CAE2E05656B0030392F /* LoadingView.swift */; };
		697E7CB12E0565D80030392F /* ErrorView.swift in Sources */ = {isa = PBXBuildFile; fileRef = 697E7CB02E0565D50030392F /* ErrorView.swift */; };
		697E7CB32E0566560030392F /* ProfileView.swift in Sources */ = {isa = PBXBuildFile; fileRef = 697E7CB22E0566520030392F /* ProfileView.swift */; };
		697E7CB52E056C000030392F /* ProfileHeader.swift in Sources */ = {isa = PBXBuildFile; fileRef = 697E7CB42E056BFD0030392F /* ProfileHeader.swift */; };
		697E7CB72E0570420030392F /* StatItem.swift in Sources */ = {isa = PBXBuildFile; fileRef = 697E7CB62E05703E0030392F /* StatItem.swift */; };
		697E7CBA2E0572090030392F /* UserDetailsList.swift in Sources */ = {isa = PBXBuildFile; fileRef = 697E7CB92E0572040030392F /* UserDetailsList.swift */; };
		697E7CBC2E05729B0030392F /* ProfileActions.swift in Sources */ = {isa = PBXBuildFile; fileRef = 697E7CBB2E0572960030392F /* ProfileActions.swift */; };
		699AE8AC2E1D3D0100717A8B /* FavSpotWrapper.swift in Sources */ = {isa = PBXBuildFile; fileRef = 699AE8AB2E1D3CFA00717A8B /* FavSpotWrapper.swift */; };
		69A923712E23A4F7001EB624 /* QuiverViewModelWrapper.swift in Sources */ = {isa = PBXBuildFile; fileRef = 69A923702E23A4F6001EB624 /* QuiverViewModelWrapper.swift */; };
		69A923742E23A961001EB624 /* BoardCard.swift in Sources */ = {isa = PBXBuildFile; fileRef = 69A923732E23A960001EB624 /* BoardCard.swift */; };
		69A923762E23A986001EB624 /* SurfboardDetailDialog.swift in Sources */ = {isa = PBXBuildFile; fileRef = 69A923752E23A97F001EB624 /* SurfboardDetailDialog.swift */; };
		69A923782E23A9AD001EB624 /* PublishSurfboardDialog.swift in Sources */ = {isa = PBXBuildFile; fileRef = 69A923772E23A9AC001EB624 /* PublishSurfboardDialog.swift */; };
		69A9237A2E23A9C0001EB624 /* CustomDialog.swift in Sources */ = {isa = PBXBuildFile; fileRef = 69A923792E23A9BF001EB624 /* CustomDialog.swift */; };
		69A9237D2E23B7E0001EB624 /* AddBoardWrapper.swift in Sources */ = {isa = PBXBuildFile; fileRef = 69A9237C2E23B7D4001EB624 /* AddBoardWrapper.swift */; };
		69A9237F2E23B7E7001EB624 /* AddBoardScreen.swift in Sources */ = {isa = PBXBuildFile; fileRef = 69A9237E2E23B7E3001EB624 /* AddBoardScreen.swift */; };
		69A923822E23B7FB001EB624 /* AddBoardView.swift in Sources */ = {isa = PBXBuildFile; fileRef = 69A923812E23B7F7001EB624 /* AddBoardView.swift */; };
		69A923852E23BA15001EB624 /* AddBoardStep1View.swift in Sources */ = {isa = PBXBuildFile; fileRef = 69A923842E23BA14001EB624 /* AddBoardStep1View.swift */; };
		69A923872E23BA1D001EB624 /* AddBoardStep2View.swift in Sources */ = {isa = PBXBuildFile; fileRef = 69A923862E23BA1C001EB624 /* AddBoardStep2View.swift */; };
		69A923892E23BA23001EB624 /* WizardNavigationBar.swift in Sources */ = {isa = PBXBuildFile; fileRef = 69A923882E23BA22001EB624 /* WizardNavigationBar.swift */; };
		69A9238B2E23BA2D001EB624 /* BoardImagePicker.swift in Sources */ = {isa = PBXBuildFile; fileRef = 69A9238A2E23BA2C001EB624 /* BoardImagePicker.swift */; };
		69A9238D2E23BA34001EB624 /* SelectableBoardTypeGrid.swift in Sources */ = {isa = PBXBuildFile; fileRef = 69A9238C2E23BA33001EB624 /* SelectableBoardTypeGrid.swift */; };
		69A9238F2E23BA3B001EB624 /* FinsSetupDropdown.swift in Sources */ = {isa = PBXBuildFile; fileRef = 69A9238E2E23BA3A001EB624 /* FinsSetupDropdown.swift */; };
		69A923922E23C518001EB624 /* CustomTextField.swift in Sources */ = {isa = PBXBuildFile; fileRef = 69A923912E23C516001EB624 /* CustomTextField.swift */; };
		69A923942E23C573001EB624 /* ImageSourceSelectorSheet.swift in Sources */ = {isa = PBXBuildFile; fileRef = 69A923932E23C572001EB624 /* ImageSourceSelectorSheet.swift */; };
		69A923962E23D06F001EB624 /* ImagePicker.swift in Sources */ = {isa = PBXBuildFile; fileRef = 69A923952E23D06E001EB624 /* ImagePicker.swift */; };
		69A923992E23D17D001EB624 /* KotlinInteropExtensions.swift in Sources */ = {isa = PBXBuildFile; fileRef = 69A923982E23D17C001EB624 /* KotlinInteropExtensions.swift */; };
		69A9239B2E23D262001EB624 /* OutlinedButton.swift in Sources */ = {isa = PBXBuildFile; fileRef = 69A9239A2E23D260001EB624 /* OutlinedButton.swift */; };
		69C1292D2E15676A0054411E /* RegisterViewModelWrapper+Bindings.swift in Sources */ = {isa = PBXBuildFile; fileRef = 69C1292C2E1567660054411E /* RegisterViewModelWrapper+Bindings.swift */; };
		69C86FF52E12ACBF00850490 /* RegisterWrapper.swift in Sources */ = {isa = PBXBuildFile; fileRef = 69C86FF42E12ACB600850490 /* RegisterWrapper.swift */; };
		69C86FF72E12B4E500850490 /* RegisterView.swift in Sources */ = {isa = PBXBuildFile; fileRef = 69C86FF62E12B4E100850490 /* RegisterView.swift */; };
		69D40BA22E246CEB007FFD89 /* HomeScreen.swift in Sources */ = {isa = PBXBuildFile; fileRef = 69D40BA12E246CE7007FFD89 /* HomeScreen.swift */; };
		69D40BA42E246CF6007FFD89 /* HomeWrapper.swift in Sources */ = {isa = PBXBuildFile; fileRef = 69D40BA32E246CF1007FFD89 /* HomeWrapper.swift */; };
		69DAB07C2E118BB800D83C51 /* GoogleService-Info.plist in Resources */ = {isa = PBXBuildFile; fileRef = 69DAB07B2E118BB800D83C51 /* GoogleService-Info.plist */; };
		69E55AA92E02D20600B530D3 /* LoginView.swift in Sources */ = {isa = PBXBuildFile; fileRef = 69E55AA82E02D1FE00B530D3 /* LoginView.swift */; };
		69E55AAF2E02DD9400B530D3 /* RegisterScreen.swift in Sources */ = {isa = PBXBuildFile; fileRef = 69E55AAE2E02DD8C00B530D3 /* RegisterScreen.swift */; };
		69E55AB12E02DDBA00B530D3 /* WelcomeBottomSheetScreen.swift in Sources */ = {isa = PBXBuildFile; fileRef = 69E55AB02E02DDB800B530D3 /* WelcomeBottomSheetScreen.swift */; };
		69E55AB32E02DDDF00B530D3 /* MainTabView.swift in Sources */ = {isa = PBXBuildFile; fileRef = 69E55AB22E02DDDD00B530D3 /* MainTabView.swift */; };
		69E55ABB2E02DE3600B530D3 /* AddSpotView.swift in Sources */ = {isa = PBXBuildFile; fileRef = 69E55ABA2E02DE3100B530D3 /* AddSpotView.swift */; };
		69E55ACB2E02DEAE00B530D3 /* RentalsScreen.swift in Sources */ = {isa = PBXBuildFile; fileRef = 69E55ACA2E02DEAD00B530D3 /* RentalsScreen.swift */; };
		69E55ACF2E02DED300B530D3 /* QuiverScreen.swift in Sources */ = {isa = PBXBuildFile; fileRef = 69E55ACE2E02DEC600B530D3 /* QuiverScreen.swift */; };
		69E55AD12E02DEE100B530D3 /* HomeView.swift in Sources */ = {isa = PBXBuildFile; fileRef = 69E55AD02E02DEDC00B530D3 /* HomeView.swift */; };
		69E55AD32E02DF7F00B530D3 /* AppEntryView.swift in Sources */ = {isa = PBXBuildFile; fileRef = 69E55AD22E02DF7E00B530D3 /* AppEntryView.swift */; };
		69E55AD52E02E01B00B530D3 /* BottomTab.swift in Sources */ = {isa = PBXBuildFile; fileRef = 69E55AD42E02E01A00B530D3 /* BottomTab.swift */; };
		69E55AD92E02EE0700B530D3 /* CustomInputField.swift in Sources */ = {isa = PBXBuildFile; fileRef = 69E55AD82E02EDFA00B530D3 /* CustomInputField.swift */; };
		69E55ADC2E02EE6A00B530D3 /* GradientButton.swift in Sources */ = {isa = PBXBuildFile; fileRef = 69E55ADB2E02EE6900B530D3 /* GradientButton.swift */; };
		69E55ADE2E02EE7100B530D3 /* SocialLoginButton.swift in Sources */ = {isa = PBXBuildFile; fileRef = 69E55ADD2E02EE7100B530D3 /* SocialLoginButton.swift */; };
		69E55AE02E02EE7B00B530D3 /* DividerWithText.swift in Sources */ = {isa = PBXBuildFile; fileRef = 69E55ADF2E02EE7A00B530D3 /* DividerWithText.swift */; };
		69E55AE22E02EF7A00B530D3 /* ProfileImageUpload.swift in Sources */ = {isa = PBXBuildFile; fileRef = 69E55AE12E02EF7900B530D3 /* ProfileImageUpload.swift */; };
		69E55AE42E02F04400B530D3 /* DotItem.swift in Sources */ = {isa = PBXBuildFile; fileRef = 69E55AE32E02F04200B530D3 /* DotItem.swift */; };
		69E55AE72E02F82B00B530D3 /* Theme.swift in Sources */ = {isa = PBXBuildFile; fileRef = 69E55AE62E02F82600B530D3 /* Theme.swift */; };
		69E55AE92E03320000B530D3 /* logo.png in Resources */ = {isa = PBXBuildFile; fileRef = 69E55AE82E03320000B530D3 /* logo.png */; };
		69E55AED2E033B9300B530D3 /* CurrentConditionsView.swift in Sources */ = {isa = PBXBuildFile; fileRef = 69E55AEC2E033B9300B530D3 /* CurrentConditionsView.swift */; };
		69E55AEF2E033BA400B530D3 /* ConditionItemView.swift in Sources */ = {isa = PBXBuildFile; fileRef = 69E55AEE2E033BA200B530D3 /* ConditionItemView.swift */; };
		69E55AF12E033BB200B530D3 /* BoardRecommendationCardView.swift in Sources */ = {isa = PBXBuildFile; fileRef = 69E55AF02E033BB200B530D3 /* BoardRecommendationCardView.swift */; };
		69E55AF32E033BE300B530D3 /* ChipView.swift in Sources */ = {isa = PBXBuildFile; fileRef = 69E55AF22E033BE200B530D3 /* ChipView.swift */; };
		69E55AF52E033C0300B530D3 /* ForecastItemView.swift in Sources */ = {isa = PBXBuildFile; fileRef = 69E55AF42E033C0300B530D3 /* ForecastItemView.swift */; };
		69EAE8252E05B683004E31CD /* FavSpotsScreen.swift in Sources */ = {isa = PBXBuildFile; fileRef = 69EAE8242E05B678004E31CD /* FavSpotsScreen.swift */; };
		69EAE8272E05CA1E004E31CD /* FavSpotsView.swift in Sources */ = {isa = PBXBuildFile; fileRef = 69EAE8262E05CA13004E31CD /* FavSpotsView.swift */; };
		69EAE8292E05CB39004E31CD /* SpotCard.swift in Sources */ = {isa = PBXBuildFile; fileRef = 69EAE8282E05CB37004E31CD /* SpotCard.swift */; };
		7555FF83242A565900829871 /* ContentView.swift in Sources */ = {isa = PBXBuildFile; fileRef = 7555FF82242A565900829871 /* ContentView.swift */; };
/* End PBXBuildFile section */

/* Begin PBXFileReference section */
		058557BA273AAA24004C7B11 /* Assets.xcassets */ = {isa = PBXFileReference; lastKnownFileType = folder.assetcatalog; path = Assets.xcassets; sourceTree = "<group>"; };
		058557D8273AAEEB004C7B11 /* Preview Assets.xcassets */ = {isa = PBXFileReference; lastKnownFileType = folder.assetcatalog; path = "Preview Assets.xcassets"; sourceTree = "<group>"; };
		2152FB032600AC8F00CF470E /* iOSApp.swift */ = {isa = PBXFileReference; lastKnownFileType = sourcecode.swift; path = iOSApp.swift; sourceTree = "<group>"; };
		6904CA6E2E0BF0D70039C9D9 /* ExtendCard.swift */ = {isa = PBXFileReference; lastKnownFileType = sourcecode.swift; path = ExtendCard.swift; sourceTree = "<group>"; };
		6904CA702E0BFB160039C9D9 /* WeeklyForecastPopup.swift */ = {isa = PBXFileReference; lastKnownFileType = sourcecode.swift; path = WeeklyForecastPopup.swift; sourceTree = "<group>"; };
		6904CA742E0C027B0039C9D9 /* ForecastRow.swift */ = {isa = PBXFileReference; lastKnownFileType = sourcecode.swift; path = ForecastRow.swift; sourceTree = "<group>"; };
		6918273C2E1EBCBA00B26BD2 /* AddSpotScreen.swift */ = {isa = PBXFileReference; lastKnownFileType = sourcecode.swift; path = AddSpotScreen.swift; sourceTree = "<group>"; };
		6918273E2E1EBCCF00B26BD2 /* AddSpotWrapper.swift */ = {isa = PBXFileReference; lastKnownFileType = sourcecode.swift; path = AddSpotWrapper.swift; sourceTree = "<group>"; };
		691827402E1EC4F800B26BD2 /* LocationManager.swift */ = {isa = PBXFileReference; lastKnownFileType = sourcecode.swift; path = LocationManager.swift; sourceTree = "<group>"; };
		691827452E1F1DD900B26BD2 /* LocationSearchService.swift */ = {isa = PBXFileReference; lastKnownFileType = sourcecode.swift; path = LocationSearchService.swift; sourceTree = "<group>"; };
		692B51782E16C3DA0036FCD8 /* Wrapper.swift */ = {isa = PBXFileReference; lastKnownFileType = sourcecode.swift; path = Wrapper.swift; sourceTree = "<group>"; };
		692B517A2E16D97D0036FCD8 /* LoginWrapper.swift */ = {isa = PBXFileReference; lastKnownFileType = sourcecode.swift; path = LoginWrapper.swift; sourceTree = "<group>"; };
		692B517C2E16D9920036FCD8 /* LoginScreen.swift */ = {isa = PBXFileReference; lastKnownFileType = sourcecode.swift; path = LoginScreen.swift; sourceTree = "<group>"; };
		694813FD2E1E870700F9F297 /* Functions.swift */ = {isa = PBXFileReference; lastKnownFileType = sourcecode.swift; path = Functions.swift; sourceTree = "<group>"; };
		6975DFA12E04B6AD00D14119 /* QuiverView.swift */ = {isa = PBXFileReference; lastKnownFileType = sourcecode.swift; path = QuiverView.swift; sourceTree = "<group>"; };
		697E7CAC2E0561B60030392F /* ProfileScreen.swift */ = {isa = PBXFileReference; lastKnownFileType = sourcecode.swift; path = ProfileScreen.swift; sourceTree = "<group>"; };
		697E7CAE2E05656B0030392F /* LoadingView.swift */ = {isa = PBXFileReference; lastKnownFileType = sourcecode.swift; path = LoadingView.swift; sourceTree = "<group>"; };
		697E7CB02E0565D50030392F /* ErrorView.swift */ = {isa = PBXFileReference; lastKnownFileType = sourcecode.swift; path = ErrorView.swift; sourceTree = "<group>"; };
		697E7CB22E0566520030392F /* ProfileView.swift */ = {isa = PBXFileReference; lastKnownFileType = sourcecode.swift; path = ProfileView.swift; sourceTree = "<group>"; };
		697E7CB42E056BFD0030392F /* ProfileHeader.swift */ = {isa = PBXFileReference; lastKnownFileType = sourcecode.swift; path = ProfileHeader.swift; sourceTree = "<group>"; };
		697E7CB62E05703E0030392F /* StatItem.swift */ = {isa = PBXFileReference; lastKnownFileType = sourcecode.swift; path = StatItem.swift; sourceTree = "<group>"; };
		697E7CB92E0572040030392F /* UserDetailsList.swift */ = {isa = PBXFileReference; lastKnownFileType = sourcecode.swift; path = UserDetailsList.swift; sourceTree = "<group>"; };
		697E7CBB2E0572960030392F /* ProfileActions.swift */ = {isa = PBXFileReference; lastKnownFileType = sourcecode.swift; path = ProfileActions.swift; sourceTree = "<group>"; };
		699AE8AB2E1D3CFA00717A8B /* FavSpotWrapper.swift */ = {isa = PBXFileReference; lastKnownFileType = sourcecode.swift; path = FavSpotWrapper.swift; sourceTree = "<group>"; };
		69A923702E23A4F6001EB624 /* QuiverViewModelWrapper.swift */ = {isa = PBXFileReference; lastKnownFileType = sourcecode.swift; path = QuiverViewModelWrapper.swift; sourceTree = "<group>"; };
		69A923732E23A960001EB624 /* BoardCard.swift */ = {isa = PBXFileReference; lastKnownFileType = sourcecode.swift; path = BoardCard.swift; sourceTree = "<group>"; };
		69A923752E23A97F001EB624 /* SurfboardDetailDialog.swift */ = {isa = PBXFileReference; lastKnownFileType = sourcecode.swift; path = SurfboardDetailDialog.swift; sourceTree = "<group>"; };
		69A923772E23A9AC001EB624 /* PublishSurfboardDialog.swift */ = {isa = PBXFileReference; lastKnownFileType = sourcecode.swift; path = PublishSurfboardDialog.swift; sourceTree = "<group>"; };
		69A923792E23A9BF001EB624 /* CustomDialog.swift */ = {isa = PBXFileReference; lastKnownFileType = sourcecode.swift; path = CustomDialog.swift; sourceTree = "<group>"; };
		69A9237C2E23B7D4001EB624 /* AddBoardWrapper.swift */ = {isa = PBXFileReference; lastKnownFileType = sourcecode.swift; path = AddBoardWrapper.swift; sourceTree = "<group>"; };
		69A9237E2E23B7E3001EB624 /* AddBoardScreen.swift */ = {isa = PBXFileReference; lastKnownFileType = sourcecode.swift; path = AddBoardScreen.swift; sourceTree = "<group>"; };
		69A923812E23B7F7001EB624 /* AddBoardView.swift */ = {isa = PBXFileReference; lastKnownFileType = sourcecode.swift; path = AddBoardView.swift; sourceTree = "<group>"; };
		69A923842E23BA14001EB624 /* AddBoardStep1View.swift */ = {isa = PBXFileReference; lastKnownFileType = sourcecode.swift; path = AddBoardStep1View.swift; sourceTree = "<group>"; };
		69A923862E23BA1C001EB624 /* AddBoardStep2View.swift */ = {isa = PBXFileReference; lastKnownFileType = sourcecode.swift; path = AddBoardStep2View.swift; sourceTree = "<group>"; };
		69A923882E23BA22001EB624 /* WizardNavigationBar.swift */ = {isa = PBXFileReference; lastKnownFileType = sourcecode.swift; path = WizardNavigationBar.swift; sourceTree = "<group>"; };
		69A9238A2E23BA2C001EB624 /* BoardImagePicker.swift */ = {isa = PBXFileReference; lastKnownFileType = sourcecode.swift; path = BoardImagePicker.swift; sourceTree = "<group>"; };
		69A9238C2E23BA33001EB624 /* SelectableBoardTypeGrid.swift */ = {isa = PBXFileReference; lastKnownFileType = sourcecode.swift; path = SelectableBoardTypeGrid.swift; sourceTree = "<group>"; };
		69A9238E2E23BA3A001EB624 /* FinsSetupDropdown.swift */ = {isa = PBXFileReference; lastKnownFileType = sourcecode.swift; path = FinsSetupDropdown.swift; sourceTree = "<group>"; };
		69A923912E23C516001EB624 /* CustomTextField.swift */ = {isa = PBXFileReference; lastKnownFileType = sourcecode.swift; path = CustomTextField.swift; sourceTree = "<group>"; };
		69A923932E23C572001EB624 /* ImageSourceSelectorSheet.swift */ = {isa = PBXFileReference; lastKnownFileType = sourcecode.swift; path = ImageSourceSelectorSheet.swift; sourceTree = "<group>"; };
		69A923952E23D06E001EB624 /* ImagePicker.swift */ = {isa = PBXFileReference; lastKnownFileType = sourcecode.swift; path = ImagePicker.swift; sourceTree = "<group>"; };
		69A923982E23D17C001EB624 /* KotlinInteropExtensions.swift */ = {isa = PBXFileReference; lastKnownFileType = sourcecode.swift; path = KotlinInteropExtensions.swift; sourceTree = "<group>"; };
		69A9239A2E23D260001EB624 /* OutlinedButton.swift */ = {isa = PBXFileReference; lastKnownFileType = sourcecode.swift; path = OutlinedButton.swift; sourceTree = "<group>"; };
		69C1292C2E1567660054411E /* RegisterViewModelWrapper+Bindings.swift */ = {isa = PBXFileReference; lastKnownFileType = sourcecode.swift; path = "RegisterViewModelWrapper+Bindings.swift"; sourceTree = "<group>"; };
		69C86FF42E12ACB600850490 /* RegisterWrapper.swift */ = {isa = PBXFileReference; lastKnownFileType = sourcecode.swift; path = RegisterWrapper.swift; sourceTree = "<group>"; };
		69C86FF62E12B4E100850490 /* RegisterView.swift */ = {isa = PBXFileReference; lastKnownFileType = sourcecode.swift; path = RegisterView.swift; sourceTree = "<group>"; };
		69D40BA12E246CE7007FFD89 /* HomeScreen.swift */ = {isa = PBXFileReference; lastKnownFileType = sourcecode.swift; path = HomeScreen.swift; sourceTree = "<group>"; };
		69D40BA32E246CF1007FFD89 /* HomeWrapper.swift */ = {isa = PBXFileReference; lastKnownFileType = sourcecode.swift; path = HomeWrapper.swift; sourceTree = "<group>"; };
		69DAB07B2E118BB800D83C51 /* GoogleService-Info.plist */ = {isa = PBXFileReference; lastKnownFileType = text.plist.xml; path = "GoogleService-Info.plist"; sourceTree = "<group>"; };
		69E55AA82E02D1FE00B530D3 /* LoginView.swift */ = {isa = PBXFileReference; lastKnownFileType = sourcecode.swift; path = LoginView.swift; sourceTree = "<group>"; };
		69E55AAE2E02DD8C00B530D3 /* RegisterScreen.swift */ = {isa = PBXFileReference; lastKnownFileType = sourcecode.swift; path = RegisterScreen.swift; sourceTree = "<group>"; };
		69E55AB02E02DDB800B530D3 /* WelcomeBottomSheetScreen.swift */ = {isa = PBXFileReference; lastKnownFileType = sourcecode.swift; path = WelcomeBottomSheetScreen.swift; sourceTree = "<group>"; };
		69E55AB22E02DDDD00B530D3 /* MainTabView.swift */ = {isa = PBXFileReference; lastKnownFileType = sourcecode.swift; path = MainTabView.swift; sourceTree = "<group>"; };
		69E55ABA2E02DE3100B530D3 /* AddSpotView.swift */ = {isa = PBXFileReference; lastKnownFileType = sourcecode.swift; path = AddSpotView.swift; sourceTree = "<group>"; };
		69E55ACA2E02DEAD00B530D3 /* RentalsScreen.swift */ = {isa = PBXFileReference; lastKnownFileType = sourcecode.swift; path = RentalsScreen.swift; sourceTree = "<group>"; };
		69E55ACE2E02DEC600B530D3 /* QuiverScreen.swift */ = {isa = PBXFileReference; lastKnownFileType = sourcecode.swift; path = QuiverScreen.swift; sourceTree = "<group>"; };
		69E55AD02E02DEDC00B530D3 /* HomeView.swift */ = {isa = PBXFileReference; lastKnownFileType = sourcecode.swift; path = HomeView.swift; sourceTree = "<group>"; };
		69E55AD22E02DF7E00B530D3 /* AppEntryView.swift */ = {isa = PBXFileReference; lastKnownFileType = sourcecode.swift; path = AppEntryView.swift; sourceTree = "<group>"; };
		69E55AD42E02E01A00B530D3 /* BottomTab.swift */ = {isa = PBXFileReference; lastKnownFileType = sourcecode.swift; path = BottomTab.swift; sourceTree = "<group>"; };
		69E55AD82E02EDFA00B530D3 /* CustomInputField.swift */ = {isa = PBXFileReference; lastKnownFileType = sourcecode.swift; path = CustomInputField.swift; sourceTree = "<group>"; };
		69E55ADB2E02EE6900B530D3 /* GradientButton.swift */ = {isa = PBXFileReference; lastKnownFileType = sourcecode.swift; path = GradientButton.swift; sourceTree = "<group>"; };
		69E55ADD2E02EE7100B530D3 /* SocialLoginButton.swift */ = {isa = PBXFileReference; lastKnownFileType = sourcecode.swift; path = SocialLoginButton.swift; sourceTree = "<group>"; };
		69E55ADF2E02EE7A00B530D3 /* DividerWithText.swift */ = {isa = PBXFileReference; lastKnownFileType = sourcecode.swift; path = DividerWithText.swift; sourceTree = "<group>"; };
		69E55AE12E02EF7900B530D3 /* ProfileImageUpload.swift */ = {isa = PBXFileReference; lastKnownFileType = sourcecode.swift; path = ProfileImageUpload.swift; sourceTree = "<group>"; };
		69E55AE32E02F04200B530D3 /* DotItem.swift */ = {isa = PBXFileReference; lastKnownFileType = sourcecode.swift; path = DotItem.swift; sourceTree = "<group>"; };
		69E55AE62E02F82600B530D3 /* Theme.swift */ = {isa = PBXFileReference; lastKnownFileType = sourcecode.swift; path = Theme.swift; sourceTree = "<group>"; };
		69E55AE82E03320000B530D3 /* logo.png */ = {isa = PBXFileReference; lastKnownFileType = image.png; path = logo.png; sourceTree = "<group>"; };
		69E55AEC2E033B9300B530D3 /* CurrentConditionsView.swift */ = {isa = PBXFileReference; lastKnownFileType = sourcecode.swift; path = CurrentConditionsView.swift; sourceTree = "<group>"; };
		69E55AEE2E033BA200B530D3 /* ConditionItemView.swift */ = {isa = PBXFileReference; lastKnownFileType = sourcecode.swift; path = ConditionItemView.swift; sourceTree = "<group>"; };
		69E55AF02E033BB200B530D3 /* BoardRecommendationCardView.swift */ = {isa = PBXFileReference; lastKnownFileType = sourcecode.swift; path = BoardRecommendationCardView.swift; sourceTree = "<group>"; };
		69E55AF22E033BE200B530D3 /* ChipView.swift */ = {isa = PBXFileReference; lastKnownFileType = sourcecode.swift; path = ChipView.swift; sourceTree = "<group>"; };
		69E55AF42E033C0300B530D3 /* ForecastItemView.swift */ = {isa = PBXFileReference; lastKnownFileType = sourcecode.swift; path = ForecastItemView.swift; sourceTree = "<group>"; };
		69EAE8242E05B678004E31CD /* FavSpotsScreen.swift */ = {isa = PBXFileReference; lastKnownFileType = sourcecode.swift; path = FavSpotsScreen.swift; sourceTree = "<group>"; };
		69EAE8262E05CA13004E31CD /* FavSpotsView.swift */ = {isa = PBXFileReference; lastKnownFileType = sourcecode.swift; path = FavSpotsView.swift; sourceTree = "<group>"; };
		69EAE8282E05CB37004E31CD /* SpotCard.swift */ = {isa = PBXFileReference; lastKnownFileType = sourcecode.swift; path = SpotCard.swift; sourceTree = "<group>"; };
		7555FF7B242A565900829871 /* QuiverSync.app */ = {isa = PBXFileReference; explicitFileType = wrapper.application; includeInIndex = 0; path = QuiverSync.app; sourceTree = BUILT_PRODUCTS_DIR; };
		7555FF82242A565900829871 /* ContentView.swift */ = {isa = PBXFileReference; lastKnownFileType = sourcecode.swift; path = ContentView.swift; sourceTree = "<group>"; };
		7555FF8C242A565B00829871 /* Info.plist */ = {isa = PBXFileReference; lastKnownFileType = text.plist.xml; path = Info.plist; sourceTree = "<group>"; };
		AB3632DC29227652001CCB65 /* Config.xcconfig */ = {isa = PBXFileReference; fileEncoding = 4; lastKnownFileType = text.xcconfig; path = Config.xcconfig; sourceTree = "<group>"; };
/* End PBXFileReference section */

/* Begin PBXFrameworksBuildPhase section */
		B92378962B6B1156000C7307 /* Frameworks */ = {
			isa = PBXFrameworksBuildPhase;
			buildActionMask = 2147483647;
			files = (
				6963055B2E211FA600018B65 /* FirebaseAnalytics in Frameworks */,
				696305612E211FA600018B65 /* FirebaseCrashlytics in Frameworks */,
				6963055F2E211FA600018B65 /* FirebaseCore in Frameworks */,
				696305632E211FA600018B65 /* FirebaseFirestore in Frameworks */,
				6963055D2E211FA600018B65 /* FirebaseAuth in Frameworks */,
			);
			runOnlyForDeploymentPostprocessing = 0;
		};
/* End PBXFrameworksBuildPhase section */

/* Begin PBXGroup section */
		058557D7273AAEEB004C7B11 /* Preview Content */ = {
			isa = PBXGroup;
			children = (
				058557D8273AAEEB004C7B11 /* Preview Assets.xcassets */,
			);
			path = "Preview Content";
			sourceTree = "<group>";
		};
		42799AB246E5F90AF97AA0EF /* Frameworks */ = {
			isa = PBXGroup;
			children = (
			);
			name = Frameworks;
			sourceTree = "<group>";
		};
		6904CA6B2E0BEF290039C9D9 /* addFavSpot */ = {
			isa = PBXGroup;
			children = (
				691827452E1F1DD900B26BD2 /* LocationSearchService.swift */,
				691827402E1EC4F800B26BD2 /* LocationManager.swift */,
				6918273E2E1EBCCF00B26BD2 /* AddSpotWrapper.swift */,
				6918273C2E1EBCBA00B26BD2 /* AddSpotScreen.swift */,
				69E55ABA2E02DE3100B530D3 /* AddSpotView.swift */,
			);
			path = addFavSpot;
			sourceTree = "<group>";
		};
		692B51772E16C3C90036FCD8 /* Generics */ = {
			isa = PBXGroup;
			children = (
				692B51782E16C3DA0036FCD8 /* Wrapper.swift */,
			);
			path = Generics;
			sourceTree = "<group>";
		};
		694813F92E1E86DF00F9F297 /* HelperFunctions */ = {
			isa = PBXGroup;
			children = (
				694813FD2E1E870700F9F297 /* Functions.swift */,
			);
			path = HelperFunctions;
			sourceTree = "<group>";
		};
		697E7CAB2E055B910030392F /* profile */ = {
			isa = PBXGroup;
			children = (
				697E7CBB2E0572960030392F /* ProfileActions.swift */,
				697E7CB92E0572040030392F /* UserDetailsList.swift */,
				697E7CB62E05703E0030392F /* StatItem.swift */,
				697E7CB42E056BFD0030392F /* ProfileHeader.swift */,
				697E7CB22E0566520030392F /* ProfileView.swift */,
				697E7CAC2E0561B60030392F /* ProfileScreen.swift */,
			);
			path = profile;
			sourceTree = "<group>";
		};
		699AE8AD2E1D3D3B00717A8B /* FavSpotsMainScreen */ = {
			isa = PBXGroup;
			children = (
				699AE8AB2E1D3CFA00717A8B /* FavSpotWrapper.swift */,
				69EAE8262E05CA13004E31CD /* FavSpotsView.swift */,
				69EAE8242E05B678004E31CD /* FavSpotsScreen.swift */,
			);
			path = FavSpotsMainScreen;
			sourceTree = "<group>";
		};
		69A923722E23A783001EB624 /* components */ = {
			isa = PBXGroup;
			children = (
				69A923792E23A9BF001EB624 /* CustomDialog.swift */,
				69A923772E23A9AC001EB624 /* PublishSurfboardDialog.swift */,
				69A923752E23A97F001EB624 /* SurfboardDetailDialog.swift */,
				69A923732E23A960001EB624 /* BoardCard.swift */,
			);
			path = components;
			sourceTree = "<group>";
		};
		69A9237B2E23B7CB001EB624 /* addBoard */ = {
			isa = PBXGroup;
			children = (
				69A923832E23BA03001EB624 /* stepsAndWizard */,
				69A923802E23B7EA001EB624 /* components */,
				69A9237E2E23B7E3001EB624 /* AddBoardScreen.swift */,
				69A9237C2E23B7D4001EB624 /* AddBoardWrapper.swift */,
				69A923812E23B7F7001EB624 /* AddBoardView.swift */,
			);
			path = addBoard;
			sourceTree = "<group>";
		};
		69A923802E23B7EA001EB624 /* components */ = {
			isa = PBXGroup;
			children = (
				69A9239A2E23D260001EB624 /* OutlinedButton.swift */,
				69A9238E2E23BA3A001EB624 /* FinsSetupDropdown.swift */,
				69A9238C2E23BA33001EB624 /* SelectableBoardTypeGrid.swift */,
				69A9238A2E23BA2C001EB624 /* BoardImagePicker.swift */,
			);
			path = components;
			sourceTree = "<group>";
		};
		69A923832E23BA03001EB624 /* stepsAndWizard */ = {
			isa = PBXGroup;
			children = (
				69A923882E23BA22001EB624 /* WizardNavigationBar.swift */,
				69A923862E23BA1C001EB624 /* AddBoardStep2View.swift */,
				69A923842E23BA14001EB624 /* AddBoardStep1View.swift */,
			);
			path = stepsAndWizard;
			sourceTree = "<group>";
		};
		69A923972E23D173001EB624 /* Utils */ = {
			isa = PBXGroup;
			children = (
				69A923982E23D17C001EB624 /* KotlinInteropExtensions.swift */,
			);
			path = Utils;
			sourceTree = "<group>";
		};
		69C1292E2E157D5E0054411E /* Login */ = {
			isa = PBXGroup;
			children = (
				692B517C2E16D9920036FCD8 /* LoginScreen.swift */,
				692B517A2E16D97D0036FCD8 /* LoginWrapper.swift */,
				69E55AA82E02D1FE00B530D3 /* LoginView.swift */,
			);
			path = Login;
			sourceTree = "<group>";
		};
		69C86FF32E12ACA900850490 /* register */ = {
			isa = PBXGroup;
			children = (
				69C1292C2E1567660054411E /* RegisterViewModelWrapper+Bindings.swift */,
				69C86FF62E12B4E100850490 /* RegisterView.swift */,
				69C86FF42E12ACB600850490 /* RegisterWrapper.swift */,
				69E55AAE2E02DD8C00B530D3 /* RegisterScreen.swift */,
			);
			path = register;
			sourceTree = "<group>";
		};
		69D40BA02E246CC2007FFD89 /* components */ = {
			isa = PBXGroup;
			children = (
				69E55AF22E033BE200B530D3 /* ChipView.swift */,
				69E55AF02E033BB200B530D3 /* BoardRecommendationCardView.swift */,
				69E55AEE2E033BA200B530D3 /* ConditionItemView.swift */,
				69E55AF42E033C0300B530D3 /* ForecastItemView.swift */,
				69E55AEC2E033B9300B530D3 /* CurrentConditionsView.swift */,
			);
			path = components;
			sourceTree = "<group>";
		};
		69E55AAB2E02DD4900B530D3 /* Navigation */ = {
			isa = PBXGroup;
			children = (
				69E55AE82E03320000B530D3 /* logo.png */,
				69E55AD42E02E01A00B530D3 /* BottomTab.swift */,
				69E55AD22E02DF7E00B530D3 /* AppEntryView.swift */,
			);
			path = Navigation;
			sourceTree = "<group>";
		};
		69E55AAD2E02DD6A00B530D3 /* Screens */ = {
			isa = PBXGroup;
			children = (
				69C1292E2E157D5E0054411E /* Login */,
				69C86FF32E12ACA900850490 /* register */,
				697E7CAB2E055B910030392F /* profile */,
				69E55ADA2E02EE5000B530D3 /* components */,
				69E55AB82E02DE0900B530D3 /* spots */,
				69E55AB62E02DDF800B530D3 /* rentals */,
				69E55AB52E02DDF300B530D3 /* quiver */,
				69E55AB42E02DDE900B530D3 /* home */,
				69E55AB22E02DDDD00B530D3 /* MainTabView.swift */,
				69E55AB02E02DDB800B530D3 /* WelcomeBottomSheetScreen.swift */,
			);
			path = Screens;
			sourceTree = "<group>";
		};
		69E55AB42E02DDE900B530D3 /* home */ = {
			isa = PBXGroup;
			children = (
				69D40BA32E246CF1007FFD89 /* HomeWrapper.swift */,
				69D40BA12E246CE7007FFD89 /* HomeScreen.swift */,
				69E55AD02E02DEDC00B530D3 /* HomeView.swift */,
				69D40BA02E246CC2007FFD89 /* components */,
			);
			path = home;
			sourceTree = "<group>";
		};
		69E55AB52E02DDF300B530D3 /* quiver */ = {
			isa = PBXGroup;
			children = (
				69A9237B2E23B7CB001EB624 /* addBoard */,
				69A923722E23A783001EB624 /* components */,
				69A923702E23A4F6001EB624 /* QuiverViewModelWrapper.swift */,
				69E55ACE2E02DEC600B530D3 /* QuiverScreen.swift */,
				6975DFA12E04B6AD00D14119 /* QuiverView.swift */,
			);
			path = quiver;
			sourceTree = "<group>";
		};
		69E55AB62E02DDF800B530D3 /* rentals */ = {
			isa = PBXGroup;
			children = (
				69E55ACA2E02DEAD00B530D3 /* RentalsScreen.swift */,
			);
			path = rentals;
			sourceTree = "<group>";
		};
		69E55AB82E02DE0900B530D3 /* spots */ = {
			isa = PBXGroup;
			children = (
				694813F92E1E86DF00F9F297 /* HelperFunctions */,
				699AE8AD2E1D3D3B00717A8B /* FavSpotsMainScreen */,
				6904CA742E0C027B0039C9D9 /* ForecastRow.swift */,
				6904CA702E0BFB160039C9D9 /* WeeklyForecastPopup.swift */,
				6904CA6E2E0BF0D70039C9D9 /* ExtendCard.swift */,
				6904CA6B2E0BEF290039C9D9 /* addFavSpot */,
				69EAE8282E05CB37004E31CD /* SpotCard.swift */,
			);
			path = spots;
			sourceTree = "<group>";
		};
		69E55ADA2E02EE5000B530D3 /* components */ = {
			isa = PBXGroup;
			children = (
				69A923952E23D06E001EB624 /* ImagePicker.swift */,
				69A923932E23C572001EB624 /* ImageSourceSelectorSheet.swift */,
				69A923912E23C516001EB624 /* CustomTextField.swift */,
				697E7CB02E0565D50030392F /* ErrorView.swift */,
				697E7CAE2E05656B0030392F /* LoadingView.swift */,
				69E55AE32E02F04200B530D3 /* DotItem.swift */,
				69E55AE12E02EF7900B530D3 /* ProfileImageUpload.swift */,
				69E55ADF2E02EE7A00B530D3 /* DividerWithText.swift */,
				69E55ADD2E02EE7100B530D3 /* SocialLoginButton.swift */,
				69E55ADB2E02EE6900B530D3 /* GradientButton.swift */,
				69E55AD82E02EDFA00B530D3 /* CustomInputField.swift */,
			);
			path = components;
			sourceTree = "<group>";
		};
		69E55AE52E02F81D00B530D3 /* Theme */ = {
			isa = PBXGroup;
			children = (
				69E55AE62E02F82600B530D3 /* Theme.swift */,
			);
			path = Theme;
			sourceTree = "<group>";
		};
		69E55AEA2E0332FD00B530D3 /* Resources */ = {
			isa = PBXGroup;
			children = (
				69E55AEB2E03330900B530D3 /* Images */,
			);
			path = Resources;
			sourceTree = "<group>";
		};
		69E55AEB2E03330900B530D3 /* Images */ = {
			isa = PBXGroup;
			children = (
			);
			path = Images;
			sourceTree = "<group>";
		};
		7555FF72242A565900829871 = {
			isa = PBXGroup;
			children = (
				AB1DB47929225F7C00F7AF9C /* Configuration */,
				7555FF7D242A565900829871 /* iosApp */,
				7555FF7C242A565900829871 /* Products */,
				42799AB246E5F90AF97AA0EF /* Frameworks */,
			);
			sourceTree = "<group>";
		};
		7555FF7C242A565900829871 /* Products */ = {
			isa = PBXGroup;
			children = (
				7555FF7B242A565900829871 /* QuiverSync.app */,
			);
			name = Products;
			sourceTree = "<group>";
		};
		7555FF7D242A565900829871 /* iosApp */ = {
			isa = PBXGroup;
			children = (
				69A923972E23D173001EB624 /* Utils */,
				692B51772E16C3C90036FCD8 /* Generics */,
				69E55AEA2E0332FD00B530D3 /* Resources */,
				69E55AE52E02F81D00B530D3 /* Theme */,
				69E55AAD2E02DD6A00B530D3 /* Screens */,
				69E55AAB2E02DD4900B530D3 /* Navigation */,
				058557BA273AAA24004C7B11 /* Assets.xcassets */,
				7555FF82242A565900829871 /* ContentView.swift */,
				7555FF8C242A565B00829871 /* Info.plist */,
				2152FB032600AC8F00CF470E /* iOSApp.swift */,
				058557D7273AAEEB004C7B11 /* Preview Content */,
				69DAB07B2E118BB800D83C51 /* GoogleService-Info.plist */,
			);
			path = iosApp;
			sourceTree = "<group>";
		};
		AB1DB47929225F7C00F7AF9C /* Configuration */ = {
			isa = PBXGroup;
			children = (
				AB3632DC29227652001CCB65 /* Config.xcconfig */,
			);
			path = Configuration;
			sourceTree = "<group>";
		};
/* End PBXGroup section */

/* Begin PBXNativeTarget section */
		7555FF7A242A565900829871 /* iosApp */ = {
			isa = PBXNativeTarget;
			buildConfigurationList = 7555FFA5242A565B00829871 /* Build configuration list for PBXNativeTarget "iosApp" */;
			buildPhases = (
				F36B1CEA2AD836FC00CB74D5 /* Compile Kotlin Framework */,
				7555FF77242A565900829871 /* Sources */,
				B92378962B6B1156000C7307 /* Frameworks */,
				7555FF79242A565900829871 /* Resources */,
			);
			buildRules = (
			);
			dependencies = (
			);
			name = iosApp;
			packageProductDependencies = (
				6963055A2E211FA600018B65 /* FirebaseAnalytics */,
				6963055C2E211FA600018B65 /* FirebaseAuth */,
				6963055E2E211FA600018B65 /* FirebaseCore */,
				696305602E211FA600018B65 /* FirebaseCrashlytics */,
				696305622E211FA600018B65 /* FirebaseFirestore */,
			);
			productName = iosApp;
			productReference = 7555FF7B242A565900829871 /* QuiverSync.app */;
			productType = "com.apple.product-type.application";
		};
/* End PBXNativeTarget section */

/* Begin PBXProject section */
		7555FF73242A565900829871 /* Project object */ = {
			isa = PBXProject;
			attributes = {
				BuildIndependentTargetsInParallel = YES;
				LastSwiftUpdateCheck = 1130;
				LastUpgradeCheck = 1540;
				ORGANIZATIONNAME = orgName;
				TargetAttributes = {
					7555FF7A242A565900829871 = {
						CreatedOnToolsVersion = 11.3.1;
					};
				};
			};
			buildConfigurationList = 7555FF76242A565900829871 /* Build configuration list for PBXProject "iosApp" */;
			compatibilityVersion = "Xcode 14.0";
			developmentRegion = en;
			hasScannedForEncodings = 0;
			knownRegions = (
				en,
				Base,
			);
			mainGroup = 7555FF72242A565900829871;
			packageReferences = (
				696305592E211FA600018B65 /* XCRemoteSwiftPackageReference "firebase-ios-sdk" */,
			);
			productRefGroup = 7555FF7C242A565900829871 /* Products */;
			projectDirPath = "";
			projectRoot = "";
			targets = (
				7555FF7A242A565900829871 /* iosApp */,
			);
		};
/* End PBXProject section */

/* Begin PBXResourcesBuildPhase section */
		7555FF79242A565900829871 /* Resources */ = {
			isa = PBXResourcesBuildPhase;
			buildActionMask = 2147483647;
			files = (
				058557D9273AAEEB004C7B11 /* Preview Assets.xcassets in Resources */,
				69DAB07C2E118BB800D83C51 /* GoogleService-Info.plist in Resources */,
				69E55AE92E03320000B530D3 /* logo.png in Resources */,
				058557BB273AAA24004C7B11 /* Assets.xcassets in Resources */,
			);
			runOnlyForDeploymentPostprocessing = 0;
		};
/* End PBXResourcesBuildPhase section */

/* Begin PBXShellScriptBuildPhase section */
		F36B1CEA2AD836FC00CB74D5 /* Compile Kotlin Framework */ = {
			isa = PBXShellScriptBuildPhase;
			buildActionMask = 2147483647;
			files = (
			);
			inputFileListPaths = (
			);
			inputPaths = (
			);
			name = "Compile Kotlin Framework";
			outputFileListPaths = (
			);
			outputPaths = (
			);
			runOnlyForDeploymentPostprocessing = 0;
			shellPath = /bin/sh;
			shellScript = "if [ \"YES\" = \"$OVERRIDE_KOTLIN_BUILD_IDE_SUPPORTED\" ]; then\n  echo \"Skipping Gradle build task invocation due to OVERRIDE_KOTLIN_BUILD_IDE_SUPPORTED environment variable set to \\\"YES\\\"\"\n  exit 0\nfi\ncd \"$SRCROOT/..\"\n./gradlew :shared:embedAndSignAppleFrameworkForXcode\n";
		};
/* End PBXShellScriptBuildPhase section */

/* Begin PBXSourcesBuildPhase section */
		7555FF77242A565900829871 /* Sources */ = {
			isa = PBXSourcesBuildPhase;
			buildActionMask = 2147483647;
			files = (
				69E55AD92E02EE0700B530D3 /* CustomInputField.swift in Sources */,
				697E7CB72E0570420030392F /* StatItem.swift in Sources */,
				69E55AAF2E02DD9400B530D3 /* RegisterScreen.swift in Sources */,
				69A923852E23BA15001EB624 /* AddBoardStep1View.swift in Sources */,
				69A923762E23A986001EB624 /* SurfboardDetailDialog.swift in Sources */,
				69A9239B2E23D262001EB624 /* OutlinedButton.swift in Sources */,
				694813FE2E1E870B00F9F297 /* Functions.swift in Sources */,
				6904CA6F2E0BF0E10039C9D9 /* ExtendCard.swift in Sources */,
				6975DFA22E04B6B000D14119 /* QuiverView.swift in Sources */,
				69D40BA22E246CEB007FFD89 /* HomeScreen.swift in Sources */,
				692B51792E16C3DF0036FCD8 /* Wrapper.swift in Sources */,
				69E55AF32E033BE300B530D3 /* ChipView.swift in Sources */,
				69E55ACB2E02DEAE00B530D3 /* RentalsScreen.swift in Sources */,
				6918273D2E1EBCC700B26BD2 /* AddSpotScreen.swift in Sources */,
				697E7CB32E0566560030392F /* ProfileView.swift in Sources */,
				69C86FF72E12B4E500850490 /* RegisterView.swift in Sources */,
				691827412E1EC4FB00B26BD2 /* LocationManager.swift in Sources */,
				697E7CB12E0565D80030392F /* ErrorView.swift in Sources */,
				2152FB042600AC8F00CF470E /* iOSApp.swift in Sources */,
				69A923992E23D17D001EB624 /* KotlinInteropExtensions.swift in Sources */,
				69A9237A2E23A9C0001EB624 /* CustomDialog.swift in Sources */,
				691827462E1F1DDF00B26BD2 /* LocationSearchService.swift in Sources */,
				69D40BA42E246CF6007FFD89 /* HomeWrapper.swift in Sources */,
				69C1292D2E15676A0054411E /* RegisterViewModelWrapper+Bindings.swift in Sources */,
				69E55AE02E02EE7B00B530D3 /* DividerWithText.swift in Sources */,
				69E55AB12E02DDBA00B530D3 /* WelcomeBottomSheetScreen.swift in Sources */,
				69E55ADC2E02EE6A00B530D3 /* GradientButton.swift in Sources */,
				6904CA752E0C027C0039C9D9 /* ForecastRow.swift in Sources */,
				69A9238F2E23BA3B001EB624 /* FinsSetupDropdown.swift in Sources */,
				699AE8AC2E1D3D0100717A8B /* FavSpotWrapper.swift in Sources */,
				69A923712E23A4F7001EB624 /* QuiverViewModelWrapper.swift in Sources */,
				69A923892E23BA23001EB624 /* WizardNavigationBar.swift in Sources */,
				69E55AF12E033BB200B530D3 /* BoardRecommendationCardView.swift in Sources */,
				69E55ABB2E02DE3600B530D3 /* AddSpotView.swift in Sources */,
				69E55AE22E02EF7A00B530D3 /* ProfileImageUpload.swift in Sources */,
				69E55AD32E02DF7F00B530D3 /* AppEntryView.swift in Sources */,
				69A9238B2E23BA2D001EB624 /* BoardImagePicker.swift in Sources */,
				69A9237D2E23B7E0001EB624 /* AddBoardWrapper.swift in Sources */,
				6918273F2E1EBCD900B26BD2 /* AddSpotWrapper.swift in Sources */,
				69E55AD52E02E01B00B530D3 /* BottomTab.swift in Sources */,
				69A923942E23C573001EB624 /* ImageSourceSelectorSheet.swift in Sources */,
				69A923962E23D06F001EB624 /* ImagePicker.swift in Sources */,
				69A923872E23BA1D001EB624 /* AddBoardStep2View.swift in Sources */,
				697E7CB52E056C000030392F /* ProfileHeader.swift in Sources */,
				6904CA712E0BFB180039C9D9 /* WeeklyForecastPopup.swift in Sources */,
				69EAE8272E05CA1E004E31CD /* FavSpotsView.swift in Sources */,
				697E7CBA2E0572090030392F /* UserDetailsList.swift in Sources */,
				69E55ACF2E02DED300B530D3 /* QuiverScreen.swift in Sources */,
				7555FF83242A565900829871 /* ContentView.swift in Sources */,
				69E55AE72E02F82B00B530D3 /* Theme.swift in Sources */,
				69E55AED2E033B9300B530D3 /* CurrentConditionsView.swift in Sources */,
				69E55AE42E02F04400B530D3 /* DotItem.swift in Sources */,
				69A923742E23A961001EB624 /* BoardCard.swift in Sources */,
				697E7CAD2E0561C00030392F /* ProfileScreen.swift in Sources */,
				69E55ADE2E02EE7100B530D3 /* SocialLoginButton.swift in Sources */,
				692B517B2E16D98C0036FCD8 /* LoginWrapper.swift in Sources */,
				697E7CBC2E05729B0030392F /* ProfileActions.swift in Sources */,
				69EAE8292E05CB39004E31CD /* SpotCard.swift in Sources */,
				69E55AD12E02DEE100B530D3 /* HomeView.swift in Sources */,
				69EAE8252E05B683004E31CD /* FavSpotsScreen.swift in Sources */,
				69E55AEF2E033BA400B530D3 /* ConditionItemView.swift in Sources */,
				69A9237F2E23B7E7001EB624 /* AddBoardScreen.swift in Sources */,
				69A923922E23C518001EB624 /* CustomTextField.swift in Sources */,
				69E55AA92E02D20600B530D3 /* LoginView.swift in Sources */,
				692B517D2E16D9B40036FCD8 /* LoginScreen.swift in Sources */,
				69E55AF52E033C0300B530D3 /* ForecastItemView.swift in Sources */,
				69C86FF52E12ACBF00850490 /* RegisterWrapper.swift in Sources */,
				697E7CAF2E05656E0030392F /* LoadingView.swift in Sources */,
				69A9238D2E23BA34001EB624 /* SelectableBoardTypeGrid.swift in Sources */,
				69A923822E23B7FB001EB624 /* AddBoardView.swift in Sources */,
				69E55AB32E02DDDF00B530D3 /* MainTabView.swift in Sources */,
				69A923782E23A9AD001EB624 /* PublishSurfboardDialog.swift in Sources */,
			);
			runOnlyForDeploymentPostprocessing = 0;
		};
/* End PBXSourcesBuildPhase section */

/* Begin XCBuildConfiguration section */
		7555FFA3242A565B00829871 /* Debug */ = {
			isa = XCBuildConfiguration;
			baseConfigurationReference = AB3632DC29227652001CCB65 /* Config.xcconfig */;
			buildSettings = {
				ALWAYS_SEARCH_USER_PATHS = NO;
				CLANG_ANALYZER_NONNULL = YES;
				CLANG_ANALYZER_NUMBER_OBJECT_CONVERSION = YES_AGGRESSIVE;
				CLANG_CXX_LANGUAGE_STANDARD = "gnu++14";
				CLANG_CXX_LIBRARY = "libc++";
				CLANG_ENABLE_MODULES = YES;
				CLANG_ENABLE_OBJC_ARC = YES;
				CLANG_ENABLE_OBJC_WEAK = YES;
				CLANG_WARN_BLOCK_CAPTURE_AUTORELEASING = YES;
				CLANG_WARN_BOOL_CONVERSION = YES;
				CLANG_WARN_COMMA = YES;
				CLANG_WARN_CONSTANT_CONVERSION = YES;
				CLANG_WARN_DEPRECATED_OBJC_IMPLEMENTATIONS = YES;
				CLANG_WARN_DIRECT_OBJC_ISA_USAGE = YES_ERROR;
				CLANG_WARN_DOCUMENTATION_COMMENTS = YES;
				CLANG_WARN_EMPTY_BODY = YES;
				CLANG_WARN_ENUM_CONVERSION = YES;
				CLANG_WARN_INFINITE_RECURSION = YES;
				CLANG_WARN_INT_CONVERSION = YES;
				CLANG_WARN_NON_LITERAL_NULL_CONVERSION = YES;
				CLANG_WARN_OBJC_IMPLICIT_RETAIN_SELF = YES;
				CLANG_WARN_OBJC_LITERAL_CONVERSION = YES;
				CLANG_WARN_OBJC_ROOT_CLASS = YES_ERROR;
				CLANG_WARN_QUOTED_INCLUDE_IN_FRAMEWORK_HEADER = YES;
				CLANG_WARN_RANGE_LOOP_ANALYSIS = YES;
				CLANG_WARN_STRICT_PROTOTYPES = YES;
				CLANG_WARN_SUSPICIOUS_MOVE = YES;
				CLANG_WARN_UNGUARDED_AVAILABILITY = YES_AGGRESSIVE;
				CLANG_WARN_UNREACHABLE_CODE = YES;
				CLANG_WARN__DUPLICATE_METHOD_MATCH = YES;
				COPY_PHASE_STRIP = NO;
				DEBUG_INFORMATION_FORMAT = "dwarf-with-dsym";
				ENABLE_STRICT_OBJC_MSGSEND = YES;
				ENABLE_TESTABILITY = YES;
				ENABLE_USER_SCRIPT_SANDBOXING = NO;
				GCC_C_LANGUAGE_STANDARD = gnu11;
				GCC_DYNAMIC_NO_PIC = NO;
				GCC_NO_COMMON_BLOCKS = YES;
				GCC_OPTIMIZATION_LEVEL = 0;
				GCC_PREPROCESSOR_DEFINITIONS = (
					"DEBUG=1",
					"$(inherited)",
				);
				GCC_WARN_64_TO_32_BIT_CONVERSION = YES;
				GCC_WARN_ABOUT_RETURN_TYPE = YES_ERROR;
				GCC_WARN_UNDECLARED_SELECTOR = YES;
				GCC_WARN_UNINITIALIZED_AUTOS = YES_AGGRESSIVE;
				GCC_WARN_UNUSED_FUNCTION = YES;
				GCC_WARN_UNUSED_VARIABLE = YES;
				IPHONEOS_DEPLOYMENT_TARGET = 15.3;
				MTL_ENABLE_DEBUG_INFO = INCLUDE_SOURCE;
				MTL_FAST_MATH = YES;
				ONLY_ACTIVE_ARCH = YES;
				SDKROOT = iphoneos;
				SWIFT_ACTIVE_COMPILATION_CONDITIONS = DEBUG;
				SWIFT_OPTIMIZATION_LEVEL = "-Onone";
			};
			name = Debug;
		};
		7555FFA4242A565B00829871 /* Release */ = {
			isa = XCBuildConfiguration;
			baseConfigurationReference = AB3632DC29227652001CCB65 /* Config.xcconfig */;
			buildSettings = {
				ALWAYS_SEARCH_USER_PATHS = NO;
				CLANG_ANALYZER_NONNULL = YES;
				CLANG_ANALYZER_NUMBER_OBJECT_CONVERSION = YES_AGGRESSIVE;
				CLANG_CXX_LANGUAGE_STANDARD = "gnu++14";
				CLANG_CXX_LIBRARY = "libc++";
				CLANG_ENABLE_MODULES = YES;
				CLANG_ENABLE_OBJC_ARC = YES;
				CLANG_ENABLE_OBJC_WEAK = YES;
				CLANG_WARN_BLOCK_CAPTURE_AUTORELEASING = YES;
				CLANG_WARN_BOOL_CONVERSION = YES;
				CLANG_WARN_COMMA = YES;
				CLANG_WARN_CONSTANT_CONVERSION = YES;
				CLANG_WARN_DEPRECATED_OBJC_IMPLEMENTATIONS = YES;
				CLANG_WARN_DIRECT_OBJC_ISA_USAGE = YES_ERROR;
				CLANG_WARN_DOCUMENTATION_COMMENTS = YES;
				CLANG_WARN_EMPTY_BODY = YES;
				CLANG_WARN_ENUM_CONVERSION = YES;
				CLANG_WARN_INFINITE_RECURSION = YES;
				CLANG_WARN_INT_CONVERSION = YES;
				CLANG_WARN_NON_LITERAL_NULL_CONVERSION = YES;
				CLANG_WARN_OBJC_IMPLICIT_RETAIN_SELF = YES;
				CLANG_WARN_OBJC_LITERAL_CONVERSION = YES;
				CLANG_WARN_OBJC_ROOT_CLASS = YES_ERROR;
				CLANG_WARN_QUOTED_INCLUDE_IN_FRAMEWORK_HEADER = YES;
				CLANG_WARN_RANGE_LOOP_ANALYSIS = YES;
				CLANG_WARN_STRICT_PROTOTYPES = YES;
				CLANG_WARN_SUSPICIOUS_MOVE = YES;
				CLANG_WARN_UNGUARDED_AVAILABILITY = YES_AGGRESSIVE;
				CLANG_WARN_UNREACHABLE_CODE = YES;
				CLANG_WARN__DUPLICATE_METHOD_MATCH = YES;
				COPY_PHASE_STRIP = NO;
				DEBUG_INFORMATION_FORMAT = "dwarf-with-dsym";
				ENABLE_NS_ASSERTIONS = NO;
				ENABLE_STRICT_OBJC_MSGSEND = YES;
				ENABLE_USER_SCRIPT_SANDBOXING = NO;
				GCC_C_LANGUAGE_STANDARD = gnu11;
				GCC_NO_COMMON_BLOCKS = YES;
				GCC_WARN_64_TO_32_BIT_CONVERSION = YES;
				GCC_WARN_ABOUT_RETURN_TYPE = YES_ERROR;
				GCC_WARN_UNDECLARED_SELECTOR = YES;
				GCC_WARN_UNINITIALIZED_AUTOS = YES_AGGRESSIVE;
				GCC_WARN_UNUSED_FUNCTION = YES;
				GCC_WARN_UNUSED_VARIABLE = YES;
				IPHONEOS_DEPLOYMENT_TARGET = 15.3;
				MTL_ENABLE_DEBUG_INFO = NO;
				MTL_FAST_MATH = YES;
				SDKROOT = iphoneos;
				SWIFT_COMPILATION_MODE = wholemodule;
				SWIFT_OPTIMIZATION_LEVEL = "-O";
				VALIDATE_PRODUCT = YES;
			};
			name = Release;
		};
		7555FFA6242A565B00829871 /* Debug */ = {
			isa = XCBuildConfiguration;
			buildSettings = {
				ASSETCATALOG_COMPILER_APPICON_NAME = AppIcon;
				CODE_SIGN_IDENTITY = "Apple Development";
				CODE_SIGN_STYLE = Automatic;
				DEVELOPMENT_ASSET_PATHS = "\"iosApp/Preview Content\"";
				DEVELOPMENT_TEAM = MPYM5438AG;
				ENABLE_PREVIEWS = YES;
				FRAMEWORK_SEARCH_PATHS = (
					"$(inherited)",
					"$(SRCROOT)/../shared/build/xcode-frameworks/$(CONFIGURATION)/$(SDK_NAME)",
				);
				INFOPLIST_FILE = iosApp/Info.plist;
				IPHONEOS_DEPLOYMENT_TARGET = 16.6;
				LD_RUNPATH_SEARCH_PATHS = (
					"$(inherited)",
					"@executable_path/Frameworks",
				);
				PRODUCT_BUNDLE_IDENTIFIER = "${BUNDLE_ID}${TEAM_ID}";
				PRODUCT_NAME = "${APP_NAME}";
				PROVISIONING_PROFILE_SPECIFIER = "";
				SWIFT_VERSION = 5.0;
				TARGETED_DEVICE_FAMILY = "1,2";
			};
			name = Debug;
		};
		7555FFA7242A565B00829871 /* Release */ = {
			isa = XCBuildConfiguration;
			buildSettings = {
				ASSETCATALOG_COMPILER_APPICON_NAME = AppIcon;
				CODE_SIGN_IDENTITY = "Apple Development";
				CODE_SIGN_STYLE = Automatic;
				DEVELOPMENT_ASSET_PATHS = "\"iosApp/Preview Content\"";
				DEVELOPMENT_TEAM = MPYM5438AG;
				ENABLE_PREVIEWS = YES;
				FRAMEWORK_SEARCH_PATHS = (
					"$(inherited)",
					"$(SRCROOT)/../shared/build/xcode-frameworks/$(CONFIGURATION)/$(SDK_NAME)",
				);
				INFOPLIST_FILE = iosApp/Info.plist;
				IPHONEOS_DEPLOYMENT_TARGET = 16.6;
				LD_RUNPATH_SEARCH_PATHS = (
					"$(inherited)",
					"@executable_path/Frameworks",
				);
				PRODUCT_BUNDLE_IDENTIFIER = "${BUNDLE_ID}${TEAM_ID}";
				PRODUCT_NAME = "${APP_NAME}";
				PROVISIONING_PROFILE_SPECIFIER = "";
				SWIFT_VERSION = 5.0;
				TARGETED_DEVICE_FAMILY = "1,2";
			};
			name = Release;
		};
/* End XCBuildConfiguration section */

/* Begin XCConfigurationList section */
		7555FF76242A565900829871 /* Build configuration list for PBXProject "iosApp" */ = {
			isa = XCConfigurationList;
			buildConfigurations = (
				7555FFA3242A565B00829871 /* Debug */,
				7555FFA4242A565B00829871 /* Release */,
			);
			defaultConfigurationIsVisible = 0;
			defaultConfigurationName = Release;
		};
		7555FFA5242A565B00829871 /* Build configuration list for PBXNativeTarget "iosApp" */ = {
			isa = XCConfigurationList;
			buildConfigurations = (
				7555FFA6242A565B00829871 /* Debug */,
				7555FFA7242A565B00829871 /* Release */,
			);
			defaultConfigurationIsVisible = 0;
			defaultConfigurationName = Release;
		};
/* End XCConfigurationList section */

/* Begin XCRemoteSwiftPackageReference section */
		696305592E211FA600018B65 /* XCRemoteSwiftPackageReference "firebase-ios-sdk" */ = {
			isa = XCRemoteSwiftPackageReference;
			repositoryURL = "https://github.com/firebase/firebase-ios-sdk.git";
			requirement = {
				kind = exactVersion;
				version = 11.15.0;
			};
		};
/* End XCRemoteSwiftPackageReference section */

/* Begin XCSwiftPackageProductDependency section */
		6963055A2E211FA600018B65 /* FirebaseAnalytics */ = {
			isa = XCSwiftPackageProductDependency;
			package = 696305592E211FA600018B65 /* XCRemoteSwiftPackageReference "firebase-ios-sdk" */;
			productName = FirebaseAnalytics;
		};
		6963055C2E211FA600018B65 /* FirebaseAuth */ = {
			isa = XCSwiftPackageProductDependency;
			package = 696305592E211FA600018B65 /* XCRemoteSwiftPackageReference "firebase-ios-sdk" */;
			productName = FirebaseAuth;
		};
		6963055E2E211FA600018B65 /* FirebaseCore */ = {
			isa = XCSwiftPackageProductDependency;
			package = 696305592E211FA600018B65 /* XCRemoteSwiftPackageReference "firebase-ios-sdk" */;
			productName = FirebaseCore;
		};
		696305602E211FA600018B65 /* FirebaseCrashlytics */ = {
			isa = XCSwiftPackageProductDependency;
			package = 696305592E211FA600018B65 /* XCRemoteSwiftPackageReference "firebase-ios-sdk" */;
			productName = FirebaseCrashlytics;
		};
		696305622E211FA600018B65 /* FirebaseFirestore */ = {
			isa = XCSwiftPackageProductDependency;
			package = 696305592E211FA600018B65 /* XCRemoteSwiftPackageReference "firebase-ios-sdk" */;
			productName = FirebaseFirestore;
		};
/* End XCSwiftPackageProductDependency section */
	};
	rootObject = 7555FF73242A565900829871 /* Project object */;
}
